
Microsoft Visual Studio Solution File, Format Version 12.00
# Visual Studio Version 17
VisualStudioVersion = 17.14.36310.24
MinimumVisualStudioVersion = 10.0.40219.1
Project("{FAE04EC0-301F-11D3-BF4B-00C04F79EFBC}") = "ProjectManagerPro-SOLID", "ProjectManagerPro-SOLID.csproj", "{D5D28E08-A632-4293-8842-704B38637C2F}"
EndProject
Project("{54435603-DBB4-11D2-8724-00A0C9A8B90C}") = "TestSetup", "..\TestSetup\TestSetup.vdproj", "{DA01D20D-B441-6F4D-A252-BE650C3988AA}"
EndProject
Project("{54435603-DBB4-11D2-8724-00A0C9A8B90C}") = "TestSetup2", "..\TestSetup2\TestSetup2.vdproj", "{50D48202-5A17-B29D-117D-EE57617C3F2A}"
EndProject
Global
	GlobalSection(SolutionConfigurationPlatforms) = preSolution
		Debug|Any CPU = Debug|Any CPU
		Release|Any CPU = Release|Any CPU
	EndGlobalSection
	GlobalSection(ProjectConfigurationPlatforms) = postSolution
		{D5D28E08-A632-4293-8842-704B38637C2F}.Debug|Any CPU.ActiveCfg = Debug|Any CPU
		{D5D28E08-A632-4293-8842-704B38637C2F}.Debug|Any CPU.Build.0 = Debug|Any CPU
		{D5D28E08-A632-4293-8842-704B38637C2F}.Release|Any CPU.ActiveCfg = Release|Any CPU
		{D5D28E08-A632-4293-8842-704B38637C2F}.Release|Any CPU.Build.0 = Release|Any CPU
		{DA01D20D-B441-6F4D-A252-BE650C3988AA}.Debug|Any CPU.ActiveCfg = Debug
		{DA01D20D-B441-6F4D-A252-BE650C3988AA}.Release|Any CPU.ActiveCfg = Release
		{50D48202-5A17-B29D-117D-EE57617C3F2A}.Debug|Any CPU.ActiveCfg = Debug
		{50D48202-5A17-B29D-117D-EE57617C3F2A}.Release|Any CPU.ActiveCfg = Release
	EndGlobalSection
	GlobalSection(SolutionProperties) = preSolution
		HideSolutionNode = FALSE
	EndGlobalSection
	GlobalSection(ExtensibilityGlobals) = postSolution
		SolutionGuid = {A1550542-E337-48F0-B36E-BF0A5C093011}
	EndGlobalSection
EndGlobal
